
Microsoft Visual Studio Solution File, Format Version 12.00
Project("{FAE04EC0-301F-11D3-BF4B-00C04F79EFBC}") = "PM_HW_10.Task_1", "PM_HW_10.Task_1\PM_HW_10.Task_1.csproj", "{A078E0F1-2893-4A7A-9686-EF87C75FB437}"
EndProject
Project("{FAE04EC0-301F-11D3-BF4B-00C04F79EFBC}") = "PM_HW_10.Task_2", "PM_HW_10.Task_2\PM_HW_10.Task_2.csproj", "{56D5489B-AE01-47AD-856C-639CCD5FA2A2}"
EndProject
Global
	GlobalSection(SolutionConfigurationPlatforms) = preSolution
		Debug|Any CPU = Debug|Any CPU
		Release|Any CPU = Release|Any CPU
	EndGlobalSection
	GlobalSection(ProjectConfigurationPlatforms) = postSolution
		{A078E0F1-2893-4A7A-9686-EF87C75FB437}.Debug|Any CPU.ActiveCfg = Debug|Any CPU
		{A078E0F1-2893-4A7A-9686-EF87C75FB437}.Debug|Any CPU.Build.0 = Debug|Any CPU
		{A078E0F1-2893-4A7A-9686-EF87C75FB437}.Debug|Any CPU.Deploy.0 = Debug|Any CPU
		{56D5489B-AE01-47AD-856C-639CCD5FA2A2}.Debug|Any CPU.ActiveCfg = Debug|Any CPU
		{56D5489B-AE01-47AD-856C-639CCD5FA2A2}.Debug|Any CPU.Build.0 = Debug|Any CPU
		{56D5489B-AE01-47AD-856C-639CCD5FA2A2}.Debug|Any CPU.Deploy.0 = Debug|Any CPU
	EndGlobalSection
EndGlobal
