
Microsoft Visual Studio Solution File, Format Version 12.00
# Visual Studio Version 16
VisualStudioVersion = 16.0.30804.86
MinimumVisualStudioVersion = 10.0.40219.1
Project("{FAE04EC0-301F-11D3-BF4B-00C04F79EFBC}") = "Task_1", "Task_1\Task_1.csproj", "{D44D7497-F361-4468-9F47-6646EA9ED7E5}"
EndProject
Project("{FAE04EC0-301F-11D3-BF4B-00C04F79EFBC}") = "Task_3", "Task_3\Task_3.csproj", "{D48B5E37-DB0B-426B-95EB-A4206744A462}"
EndProject
Project("{FAE04EC0-301F-11D3-BF4B-00C04F79EFBC}") = "Task_2", "Task_2\Task_2.csproj", "{34B68849-30AA-442F-B627-56211F90927B}"
EndProject
Global
	GlobalSection(SolutionConfigurationPlatforms) = preSolution
		Debug|Any CPU = Debug|Any CPU
		Release|Any CPU = Release|Any CPU
	EndGlobalSection
	GlobalSection(ProjectConfigurationPlatforms) = postSolution
		{D44D7497-F361-4468-9F47-6646EA9ED7E5}.Debug|Any CPU.ActiveCfg = Debug|Any CPU
		{D44D7497-F361-4468-9F47-6646EA9ED7E5}.Debug|Any CPU.Build.0 = Debug|Any CPU
		{D44D7497-F361-4468-9F47-6646EA9ED7E5}.Release|Any CPU.ActiveCfg = Release|Any CPU
		{D44D7497-F361-4468-9F47-6646EA9ED7E5}.Release|Any CPU.Build.0 = Release|Any CPU
		{D48B5E37-DB0B-426B-95EB-A4206744A462}.Debug|Any CPU.ActiveCfg = Debug|Any CPU
		{D48B5E37-DB0B-426B-95EB-A4206744A462}.Debug|Any CPU.Build.0 = Debug|Any CPU
		{D48B5E37-DB0B-426B-95EB-A4206744A462}.Release|Any CPU.ActiveCfg = Release|Any CPU
		{D48B5E37-DB0B-426B-95EB-A4206744A462}.Release|Any CPU.Build.0 = Release|Any CPU
		{34B68849-30AA-442F-B627-56211F90927B}.Debug|Any CPU.ActiveCfg = Debug|Any CPU
		{34B68849-30AA-442F-B627-56211F90927B}.Debug|Any CPU.Build.0 = Debug|Any CPU
		{34B68849-30AA-442F-B627-56211F90927B}.Release|Any CPU.ActiveCfg = Release|Any CPU
		{34B68849-30AA-442F-B627-56211F90927B}.Release|Any CPU.Build.0 = Release|Any CPU
	EndGlobalSection
	GlobalSection(SolutionProperties) = preSolution
		HideSolutionNode = FALSE
	EndGlobalSection
	GlobalSection(ExtensibilityGlobals) = postSolution
		SolutionGuid = {008761C4-DA3C-4785-964A-57D1C022F11D}
	EndGlobalSection
EndGlobal
