
Microsoft Visual Studio Solution File, Format Version 12.00
Project("{FAE04EC0-301F-11D3-BF4B-00C04F79EFBC}") = "Library", "Library\Library.csproj", "{0F09ACAB-1102-419F-AA31-34D792AD3AC6}"
EndProject
Project("{FAE04EC0-301F-11D3-BF4B-00C04F79EFBC}") = "Task_1.1", "Task_1.1\Task_1.1.csproj", "{6FBD455D-5574-4F90-BBA1-5416142BC2A7}"
EndProject
Project("{FAE04EC0-301F-11D3-BF4B-00C04F79EFBC}") = "Task_1.2", "Task_1.2\Task_1.2.csproj", "{B85AC5F7-9466-493B-82B3-E45E57AE014D}"
EndProject
Project("{FAE04EC0-301F-11D3-BF4B-00C04F79EFBC}") = "Task_1.3", "Task_1.3\Task_1.3.csproj", "{475004FE-C6A5-46AC-9F82-5646D7AC7453}"
EndProject
Project("{FAE04EC0-301F-11D3-BF4B-00C04F79EFBC}") = "Task_1.4", "Task_1.4\Task_1.4.csproj", "{A417B96C-F8D0-4235-89EC-7011A83144CA}"
EndProject
Project("{FAE04EC0-301F-11D3-BF4B-00C04F79EFBC}") = "Task_1.5", "Task_1.5\Task_1.5.csproj", "{651D7FB2-9916-4B40-8BAD-7B373FEB99EB}"
EndProject
Project("{FAE04EC0-301F-11D3-BF4B-00C04F79EFBC}") = "BettingPlatformEmulatorTest", "BettingPlatformEmulatorTest\BettingPlatformEmulatorTest.csproj", "{05FE707D-7984-48C2-9566-A1665E67572F}"
EndProject
Project("{FAE04EC0-301F-11D3-BF4B-00C04F79EFBC}") = "Task_2.1", "Task_2.1\Task_2.1.csproj", "{FC8DBA1F-2A66-4EA1-A863-111B9233A624}"
EndProject
Project("{FAE04EC0-301F-11D3-BF4B-00C04F79EFBC}") = "Task_3.1", "Task_3.1\Task_3.1.csproj", "{1868F5F7-D7D1-4536-AC01-ED290A9338A5}"
EndProject
Project("{FAE04EC0-301F-11D3-BF4B-00C04F79EFBC}") = "Task_3.2", "Task_3.2\Task_3.2.csproj", "{3F203EAE-4305-4F6F-9F1C-B88C9E8FE0DE}"
EndProject
Project("{FAE04EC0-301F-11D3-BF4B-00C04F79EFBC}") = "Task_4.1", "Task_4.1\Task_4.1.csproj", "{1BBDE83C-5408-4812-AA5F-4B1F94955F34}"
EndProject
Project("{FAE04EC0-301F-11D3-BF4B-00C04F79EFBC}") = "Task_4.2", "Task_4.2\Task_4.2.csproj", "{2F43CFD9-1962-420A-B5CF-91B423A040EA}"
EndProject
Global
	GlobalSection(SolutionConfigurationPlatforms) = preSolution
		Debug|Any CPU = Debug|Any CPU
		Release|Any CPU = Release|Any CPU
	EndGlobalSection
	GlobalSection(ProjectConfigurationPlatforms) = postSolution
		{0F09ACAB-1102-419F-AA31-34D792AD3AC6}.Debug|Any CPU.ActiveCfg = Debug|Any CPU
		{0F09ACAB-1102-419F-AA31-34D792AD3AC6}.Debug|Any CPU.Build.0 = Debug|Any CPU
		{0F09ACAB-1102-419F-AA31-34D792AD3AC6}.Release|Any CPU.ActiveCfg = Release|Any CPU
		{0F09ACAB-1102-419F-AA31-34D792AD3AC6}.Release|Any CPU.Build.0 = Release|Any CPU
		{6FBD455D-5574-4F90-BBA1-5416142BC2A7}.Debug|Any CPU.ActiveCfg = Debug|Any CPU
		{6FBD455D-5574-4F90-BBA1-5416142BC2A7}.Debug|Any CPU.Build.0 = Debug|Any CPU
		{6FBD455D-5574-4F90-BBA1-5416142BC2A7}.Release|Any CPU.ActiveCfg = Release|Any CPU
		{6FBD455D-5574-4F90-BBA1-5416142BC2A7}.Release|Any CPU.Build.0 = Release|Any CPU
		{B85AC5F7-9466-493B-82B3-E45E57AE014D}.Debug|Any CPU.ActiveCfg = Debug|Any CPU
		{B85AC5F7-9466-493B-82B3-E45E57AE014D}.Debug|Any CPU.Build.0 = Debug|Any CPU
		{B85AC5F7-9466-493B-82B3-E45E57AE014D}.Release|Any CPU.ActiveCfg = Release|Any CPU
		{B85AC5F7-9466-493B-82B3-E45E57AE014D}.Release|Any CPU.Build.0 = Release|Any CPU
		{475004FE-C6A5-46AC-9F82-5646D7AC7453}.Debug|Any CPU.ActiveCfg = Debug|Any CPU
		{475004FE-C6A5-46AC-9F82-5646D7AC7453}.Debug|Any CPU.Build.0 = Debug|Any CPU
		{475004FE-C6A5-46AC-9F82-5646D7AC7453}.Release|Any CPU.ActiveCfg = Release|Any CPU
		{475004FE-C6A5-46AC-9F82-5646D7AC7453}.Release|Any CPU.Build.0 = Release|Any CPU
		{A417B96C-F8D0-4235-89EC-7011A83144CA}.Debug|Any CPU.ActiveCfg = Debug|Any CPU
		{A417B96C-F8D0-4235-89EC-7011A83144CA}.Debug|Any CPU.Build.0 = Debug|Any CPU
		{A417B96C-F8D0-4235-89EC-7011A83144CA}.Release|Any CPU.ActiveCfg = Release|Any CPU
		{A417B96C-F8D0-4235-89EC-7011A83144CA}.Release|Any CPU.Build.0 = Release|Any CPU
		{651D7FB2-9916-4B40-8BAD-7B373FEB99EB}.Debug|Any CPU.ActiveCfg = Debug|Any CPU
		{651D7FB2-9916-4B40-8BAD-7B373FEB99EB}.Debug|Any CPU.Build.0 = Debug|Any CPU
		{651D7FB2-9916-4B40-8BAD-7B373FEB99EB}.Release|Any CPU.ActiveCfg = Release|Any CPU
		{651D7FB2-9916-4B40-8BAD-7B373FEB99EB}.Release|Any CPU.Build.0 = Release|Any CPU
		{05FE707D-7984-48C2-9566-A1665E67572F}.Debug|Any CPU.ActiveCfg = Debug|Any CPU
		{05FE707D-7984-48C2-9566-A1665E67572F}.Debug|Any CPU.Build.0 = Debug|Any CPU
		{05FE707D-7984-48C2-9566-A1665E67572F}.Release|Any CPU.ActiveCfg = Release|Any CPU
		{05FE707D-7984-48C2-9566-A1665E67572F}.Release|Any CPU.Build.0 = Release|Any CPU
		{FC8DBA1F-2A66-4EA1-A863-111B9233A624}.Debug|Any CPU.ActiveCfg = Debug|Any CPU
		{FC8DBA1F-2A66-4EA1-A863-111B9233A624}.Debug|Any CPU.Build.0 = Debug|Any CPU
		{FC8DBA1F-2A66-4EA1-A863-111B9233A624}.Release|Any CPU.ActiveCfg = Release|Any CPU
		{FC8DBA1F-2A66-4EA1-A863-111B9233A624}.Release|Any CPU.Build.0 = Release|Any CPU
		{1868F5F7-D7D1-4536-AC01-ED290A9338A5}.Debug|Any CPU.ActiveCfg = Debug|Any CPU
		{1868F5F7-D7D1-4536-AC01-ED290A9338A5}.Debug|Any CPU.Build.0 = Debug|Any CPU
		{1868F5F7-D7D1-4536-AC01-ED290A9338A5}.Release|Any CPU.ActiveCfg = Release|Any CPU
		{1868F5F7-D7D1-4536-AC01-ED290A9338A5}.Release|Any CPU.Build.0 = Release|Any CPU
		{3F203EAE-4305-4F6F-9F1C-B88C9E8FE0DE}.Debug|Any CPU.ActiveCfg = Debug|Any CPU
		{3F203EAE-4305-4F6F-9F1C-B88C9E8FE0DE}.Debug|Any CPU.Build.0 = Debug|Any CPU
		{3F203EAE-4305-4F6F-9F1C-B88C9E8FE0DE}.Release|Any CPU.ActiveCfg = Release|Any CPU
		{3F203EAE-4305-4F6F-9F1C-B88C9E8FE0DE}.Release|Any CPU.Build.0 = Release|Any CPU
		{1BBDE83C-5408-4812-AA5F-4B1F94955F34}.Debug|Any CPU.ActiveCfg = Debug|Any CPU
		{1BBDE83C-5408-4812-AA5F-4B1F94955F34}.Debug|Any CPU.Build.0 = Debug|Any CPU
		{1BBDE83C-5408-4812-AA5F-4B1F94955F34}.Release|Any CPU.ActiveCfg = Release|Any CPU
		{1BBDE83C-5408-4812-AA5F-4B1F94955F34}.Release|Any CPU.Build.0 = Release|Any CPU
		{2F43CFD9-1962-420A-B5CF-91B423A040EA}.Debug|Any CPU.ActiveCfg = Debug|Any CPU
		{2F43CFD9-1962-420A-B5CF-91B423A040EA}.Debug|Any CPU.Build.0 = Debug|Any CPU
		{2F43CFD9-1962-420A-B5CF-91B423A040EA}.Release|Any CPU.ActiveCfg = Release|Any CPU
		{2F43CFD9-1962-420A-B5CF-91B423A040EA}.Release|Any CPU.Build.0 = Release|Any CPU
	EndGlobalSection
EndGlobal
