
Microsoft Visual Studio Solution File, Format Version 12.00
Project("{FAE04EC0-301F-11D3-BF4B-00C04F79EFBC}") = "Level1_1", "Level1_1\Level1_1.csproj", "{393D95D2-8BA0-4D52-ABF8-B844A9E75D5E}"
EndProject
Project("{FAE04EC0-301F-11D3-BF4B-00C04F79EFBC}") = "Level1_2", "Level1_2\Level1_2.csproj", "{98533DA5-44B8-4093-9296-313CDDB83E06}"
EndProject
Project("{FAE04EC0-301F-11D3-BF4B-00C04F79EFBC}") = "Level1_3", "Level1_3\Level1_3.csproj", "{69039893-588B-4A98-AB75-8BA2BF1336E7}"
EndProject
Project("{FAE04EC0-301F-11D3-BF4B-00C04F79EFBC}") = "Level1_4", "Level1_4\Level1_4.csproj", "{BF8B25D2-A391-460A-BFAE-02ADE2F0185B}"
EndProject
Project("{FAE04EC0-301F-11D3-BF4B-00C04F79EFBC}") = "Level2_1", "Level2_1\Level2_1.csproj", "{A77A201E-988C-4E96-98E0-94379F89D144}"
EndProject
Project("{FAE04EC0-301F-11D3-BF4B-00C04F79EFBC}") = "Level2_2", "Level2_2\Level2_2.csproj", "{B14D52D0-D6BD-4741-9112-15E71D8E718B}"
EndProject
Project("{FAE04EC0-301F-11D3-BF4B-00C04F79EFBC}") = "Level2_4", "Level2_4\Level2_4.csproj", "{367ECD75-CC93-42B6-B4C6-70272700D3EC}"
EndProject
Project("{FAE04EC0-301F-11D3-BF4B-00C04F79EFBC}") = "Level2_3", "Level2_3\Level2_3.csproj", "{4245BE81-C7B2-4F50-8E29-2C286060F6F8}"
EndProject
Project("{FAE04EC0-301F-11D3-BF4B-00C04F79EFBC}") = "Level3_1", "Level3_1\Level3_1.csproj", "{9762D1EB-4800-4434-9B01-8D95DC7D176F}"
EndProject
Global
	GlobalSection(SolutionConfigurationPlatforms) = preSolution
		Debug|Any CPU = Debug|Any CPU
		Release|Any CPU = Release|Any CPU
	EndGlobalSection
	GlobalSection(ProjectConfigurationPlatforms) = postSolution
		{393D95D2-8BA0-4D52-ABF8-B844A9E75D5E}.Debug|Any CPU.ActiveCfg = Debug|Any CPU
		{393D95D2-8BA0-4D52-ABF8-B844A9E75D5E}.Debug|Any CPU.Build.0 = Debug|Any CPU
		{393D95D2-8BA0-4D52-ABF8-B844A9E75D5E}.Release|Any CPU.ActiveCfg = Release|Any CPU
		{393D95D2-8BA0-4D52-ABF8-B844A9E75D5E}.Release|Any CPU.Build.0 = Release|Any CPU
		{98533DA5-44B8-4093-9296-313CDDB83E06}.Debug|Any CPU.ActiveCfg = Debug|Any CPU
		{98533DA5-44B8-4093-9296-313CDDB83E06}.Debug|Any CPU.Build.0 = Debug|Any CPU
		{98533DA5-44B8-4093-9296-313CDDB83E06}.Release|Any CPU.ActiveCfg = Release|Any CPU
		{98533DA5-44B8-4093-9296-313CDDB83E06}.Release|Any CPU.Build.0 = Release|Any CPU
		{69039893-588B-4A98-AB75-8BA2BF1336E7}.Debug|Any CPU.ActiveCfg = Debug|Any CPU
		{69039893-588B-4A98-AB75-8BA2BF1336E7}.Debug|Any CPU.Build.0 = Debug|Any CPU
		{69039893-588B-4A98-AB75-8BA2BF1336E7}.Release|Any CPU.ActiveCfg = Release|Any CPU
		{69039893-588B-4A98-AB75-8BA2BF1336E7}.Release|Any CPU.Build.0 = Release|Any CPU
		{BF8B25D2-A391-460A-BFAE-02ADE2F0185B}.Debug|Any CPU.ActiveCfg = Debug|Any CPU
		{BF8B25D2-A391-460A-BFAE-02ADE2F0185B}.Debug|Any CPU.Build.0 = Debug|Any CPU
		{BF8B25D2-A391-460A-BFAE-02ADE2F0185B}.Release|Any CPU.ActiveCfg = Release|Any CPU
		{BF8B25D2-A391-460A-BFAE-02ADE2F0185B}.Release|Any CPU.Build.0 = Release|Any CPU
		{A77A201E-988C-4E96-98E0-94379F89D144}.Debug|Any CPU.ActiveCfg = Debug|Any CPU
		{A77A201E-988C-4E96-98E0-94379F89D144}.Debug|Any CPU.Build.0 = Debug|Any CPU
		{A77A201E-988C-4E96-98E0-94379F89D144}.Release|Any CPU.ActiveCfg = Release|Any CPU
		{A77A201E-988C-4E96-98E0-94379F89D144}.Release|Any CPU.Build.0 = Release|Any CPU
		{B14D52D0-D6BD-4741-9112-15E71D8E718B}.Release|Any CPU.ActiveCfg = Release|Any CPU
		{B14D52D0-D6BD-4741-9112-15E71D8E718B}.Release|Any CPU.Build.0 = Release|Any CPU
		{B14D52D0-D6BD-4741-9112-15E71D8E718B}.Debug|Any CPU.ActiveCfg = DebugWithArgs|Any CPU
		{B14D52D0-D6BD-4741-9112-15E71D8E718B}.Debug|Any CPU.Build.0 = DebugWithArgs|Any CPU
		{367ECD75-CC93-42B6-B4C6-70272700D3EC}.Debug|Any CPU.ActiveCfg = Debug|Any CPU
		{367ECD75-CC93-42B6-B4C6-70272700D3EC}.Debug|Any CPU.Build.0 = Debug|Any CPU
		{367ECD75-CC93-42B6-B4C6-70272700D3EC}.Release|Any CPU.ActiveCfg = Release|Any CPU
		{367ECD75-CC93-42B6-B4C6-70272700D3EC}.Release|Any CPU.Build.0 = Release|Any CPU
		{4245BE81-C7B2-4F50-8E29-2C286060F6F8}.Debug|Any CPU.ActiveCfg = Debug|Any CPU
		{4245BE81-C7B2-4F50-8E29-2C286060F6F8}.Debug|Any CPU.Build.0 = Debug|Any CPU
		{4245BE81-C7B2-4F50-8E29-2C286060F6F8}.Release|Any CPU.ActiveCfg = Release|Any CPU
		{4245BE81-C7B2-4F50-8E29-2C286060F6F8}.Release|Any CPU.Build.0 = Release|Any CPU
		{9762D1EB-4800-4434-9B01-8D95DC7D176F}.Debug|Any CPU.ActiveCfg = Debug|Any CPU
		{9762D1EB-4800-4434-9B01-8D95DC7D176F}.Debug|Any CPU.Build.0 = Debug|Any CPU
		{9762D1EB-4800-4434-9B01-8D95DC7D176F}.Release|Any CPU.ActiveCfg = Release|Any CPU
		{9762D1EB-4800-4434-9B01-8D95DC7D176F}.Release|Any CPU.Build.0 = Release|Any CPU
	EndGlobalSection
EndGlobal
